PODS:
  - BEMCheckBox (1.4.0)
  - CryptoSwift (0.6.7)
  - SCLAlertView (0.7.0)

DEPENDENCIES:
  - BEMCheckBox
  - CryptoSwift
  - SCLAlertView

SPEC CHECKSUMS:
  BEMCheckBox: e18e4a148905b290bd03d98b767651c104f4eda3
  CryptoSwift: 685ae257941e5447474348a2b545583e1a16b573
  SCLAlertView: 8a14ffc40590c619e183eed2298b854385f30be1

PODFILE CHECKSUM: ce0fe993790c45f8d8266c6345aa89700899b5c2

COCOAPODS: 1.1.1
